<?xml version="1.0" encoding="utf-8"?>

<Project ToolsVersion="14.0" xmlns="http://schemas.microsoft.com/developer/msbuild/2003">
  <ItemGroup>
    <Filter Include="Clara">
      <UniqueIdentifier>{ABD8C60E-B713-49A3-9DDD-9E3581C1E9C3}</UniqueIdentifier>
    </Filter>
    <Filter Include="Clara\Clara">
      <UniqueIdentifier>{28224F76-F4D5-1D22-5018-F826132046C3}</UniqueIdentifier>
    </Filter>
    <Filter Include="Clara\Source">
      <UniqueIdentifier>{67C34C40-ED77-DCA1-FE0D-577AD8C2AF64}</UniqueIdentifier>
    </Filter>
    <Filter Include="Clara\Resources">
      <UniqueIdentifier>{0CFE64C8-3122-6A13-F496-8E726F570E19}</UniqueIdentifier>
    </Filter>
    <Filter Include="Juce Library Code">
      <UniqueIdentifier>{8B4D1BAA-6DB4-CAEC-A0FA-271F354D5C61}</UniqueIdentifier>
    </Filter>
  </ItemGroup>
  <ItemGroup>
    <ClCompile Include="..\..\Source\Clara\Clara.cpp">
      <Filter>Clara\Clara</Filter>
    </ClCompile>
    <ClCompile Include="..\..\Source\Clara\ClaraNodes.cpp">
      <Filter>Clara\Clara</Filter>
    </ClCompile>
    <ClCompile Include="..\..\Source\MainComponent.cpp">
      <Filter>Clara\Source</Filter>
    </ClCompile>
    <ClCompile Include="..\..\Source\Main.cpp">
      <Filter>Clara\Source</Filter>
    </ClCompile>
  </ItemGroup>
  <ItemGroup>
    <ClInclude Include="..\..\Source\Clara\Clara.h">
      <Filter>Clara\Clara</Filter>
    </ClInclude>
    <ClInclude Include="..\..\Source\MainComponent.h">
      <Filter>Clara\Source</Filter>
    </ClInclude>
    <ClInclude Include="..\..\JuceLibraryCode\AppConfig.h">
      <Filter>Juce Library Code</Filter>
    </ClInclude>
    <ClInclude Include="..\..\JuceLibraryCode\JuceHeader.h">
      <Filter>Juce Library Code</Filter>
    </ClInclude>
  </ItemGroup>
  <ItemGroup>
    <ResourceCompile Include=".\resources.rc">
      <Filter>Juce Library Code</Filter>
    </ResourceCompile>
  </ItemGroup>
</Project>
